// !$*UTF8*$!
{
	archiveVersion = 1;
	classes = {
	};
	objectVersion = 52;
	objects = {

/* Begin PBXBuildFile section */
		66DC409A25D23F73002E8D4A /* AppDelegate.swift in Sources */ = {isa = PBXBuildFile; fileRef = 66DC409925D23F73002E8D4A /* AppDelegate.swift */; };
		66DC409C25D23F73002E8D4A /* SceneDelegate.swift in Sources */ = {isa = PBXBuildFile; fileRef = 66DC409B25D23F73002E8D4A /* SceneDelegate.swift */; };
		66DC409E25D23F73002E8D4A /* ViewController.swift in Sources */ = {isa = PBXBuildFile; fileRef = 66DC409D25D23F73002E8D4A /* ViewController.swift */; };
		66DC40A125D23F73002E8D4A /* Main.storyboard in Resources */ = {isa = PBXBuildFile; fileRef = 66DC409F25D23F73002E8D4A /* Main.storyboard */; };
		66DC40A325D23F75002E8D4A /* Assets.xcassets in Resources */ = {isa = PBXBuildFile; fileRef = 66DC40A225D23F75002E8D4A /* Assets.xcassets */; };
		66DC40A625D23F75002E8D4A /* LaunchScreen.storyboard in Resources */ = {isa = PBXBuildFile; fileRef = 66DC40A425D23F75002E8D4A /* LaunchScreen.storyboard */; };
		66DC40B125D23F75002E8D4A /* SendToWatchTestTests.swift in Sources */ = {isa = PBXBuildFile; fileRef = 66DC40B025D23F75002E8D4A /* SendToWatchTestTests.swift */; };
		66DC40BC25D23F75002E8D4A /* SendToWatchTestUITests.swift in Sources */ = {isa = PBXBuildFile; fileRef = 66DC40BB25D23F75002E8D4A /* SendToWatchTestUITests.swift */; };
		66DC40C125D23F75002E8D4A /* SendToWatchTest WatchKit App.app in Embed Watch Content */ = {isa = PBXBuildFile; fileRef = 66DC40C025D23F75002E8D4A /* SendToWatchTest WatchKit App.app */; settings = {ATTRIBUTES = (RemoveHeadersOnCopy, ); }; };
		66DC40C725D23F75002E8D4A /* Interface.storyboard in Resources */ = {isa = PBXBuildFile; fileRef = 66DC40C525D23F75002E8D4A /* Interface.storyboard */; };
		66DC40C925D23F76002E8D4A /* Assets.xcassets in Resources */ = {isa = PBXBuildFile; fileRef = 66DC40C825D23F76002E8D4A /* Assets.xcassets */; };
		66DC40D025D23F76002E8D4A /* SendToWatchTest WatchKit Extension.appex in Embed App Extensions */ = {isa = PBXBuildFile; fileRef = 66DC40CF25D23F76002E8D4A /* SendToWatchTest WatchKit Extension.appex */; settings = {ATTRIBUTES = (RemoveHeadersOnCopy, ); }; };
		66DC40D525D23F76002E8D4A /* InterfaceController.swift in Sources */ = {isa = PBXBuildFile; fileRef = 66DC40D425D23F76002E8D4A /* InterfaceController.swift */; };
		66DC40D725D23F76002E8D4A /* ExtensionDelegate.swift in Sources */ = {isa = PBXBuildFile; fileRef = 66DC40D625D23F76002E8D4A /* ExtensionDelegate.swift */; };
		66DC40D925D23F76002E8D4A /* NotificationController.swift in Sources */ = {isa = PBXBuildFile; fileRef = 66DC40D825D23F76002E8D4A /* NotificationController.swift */; };
		66DC40DB25D23F76002E8D4A /* ComplicationController.swift in Sources */ = {isa = PBXBuildFile; fileRef = 66DC40DA25D23F76002E8D4A /* ComplicationController.swift */; };
		66DC40DD25D23F77002E8D4A /* Assets.xcassets in Resources */ = {isa = PBXBuildFile; fileRef = 66DC40DC25D23F77002E8D4A /* Assets.xcassets */; };
		66DC40E925D23F77002E8D4A /* SendToWatchTest_WatchKit_AppTests.swift in Sources */ = {isa = PBXBuildFile; fileRef = 66DC40E825D23F77002E8D4A /* SendToWatchTest_WatchKit_AppTests.swift */; };
		66DC40F425D23F77002E8D4A /* SendToWatchTest_WatchKit_AppUITests.swift in Sources */ = {isa = PBXBuildFile; fileRef = 66DC40F325D23F77002E8D4A /* SendToWatchTest_WatchKit_AppUITests.swift */; };
		66DC411125D24E6D002E8D4A /* SPAlert in Frameworks */ = {isa = PBXBuildFile; productRef = 66DC411025D24E6D002E8D4A /* SPAlert */; };
		66DC411C25D25D7F002E8D4A /* Communicator in Frameworks */ = {isa = PBXBuildFile; productRef = 66DC411B25D25D7F002E8D4A /* Communicator */; };
		66DC411F25D25DE4002E8D4A /* Communicator in Frameworks */ = {isa = PBXBuildFile; productRef = 66DC411E25D25DE4002E8D4A /* Communicator */; };
/* End PBXBuildFile section */

/* Begin PBXContainerItemProxy section */
		66DC40AD25D23F75002E8D4A /* PBXContainerItemProxy */ = {
			isa = PBXContainerItemProxy;
			containerPortal = 66DC408E25D23F72002E8D4A /* Project object */;
			proxyType = 1;
			remoteGlobalIDString = 66DC409525D23F73002E8D4A;
			remoteInfo = SendToWatchTest;
		};
		66DC40B825D23F75002E8D4A /* PBXContainerItemProxy */ = {
			isa = PBXContainerItemProxy;
			containerPortal = 66DC408E25D23F72002E8D4A /* Project object */;
			proxyType = 1;
			remoteGlobalIDString = 66DC409525D23F73002E8D4A;
			remoteInfo = SendToWatchTest;
		};
		66DC40C225D23F75002E8D4A /* PBXContainerItemProxy */ = {
			isa = PBXContainerItemProxy;
			containerPortal = 66DC408E25D23F72002E8D4A /* Project object */;
			proxyType = 1;
			remoteGlobalIDString = 66DC40BF25D23F75002E8D4A;
			remoteInfo = "SendToWatchTest WatchKit App";
		};
		66DC40D125D23F76002E8D4A /* PBXContainerItemProxy */ = {
			isa = PBXContainerItemProxy;
			containerPortal = 66DC408E25D23F72002E8D4A /* Project object */;
			proxyType = 1;
			remoteGlobalIDString = 66DC40CE25D23F76002E8D4A;
			remoteInfo = "SendToWatchTest WatchKit Extension";
		};
		66DC40E525D23F77002E8D4A /* PBXContainerItemProxy */ = {
			isa = PBXContainerItemProxy;
			containerPortal = 66DC408E25D23F72002E8D4A /* Project object */;
			proxyType = 1;
			remoteGlobalIDString = 66DC40CE25D23F76002E8D4A;
			remoteInfo = "SendToWatchTest WatchKit Extension";
		};
		66DC40F025D23F77002E8D4A /* PBXContainerItemProxy */ = {
			isa = PBXContainerItemProxy;
			containerPortal = 66DC408E25D23F72002E8D4A /* Project object */;
			proxyType = 1;
			remoteGlobalIDString = 66DC40BF25D23F75002E8D4A;
			remoteInfo = "SendToWatchTest WatchKit App";
		};
/* End PBXContainerItemProxy section */

/* Begin PBXCopyFilesBuildPhase section */
		66DC40FB25D23F77002E8D4A /* Embed App Extensions */ = {
			isa = PBXCopyFilesBuildPhase;
			buildActionMask = 2147483647;
			dstPath = "";
			dstSubfolderSpec = 13;
			files = (
				66DC40D025D23F76002E8D4A /* SendToWatchTest WatchKit Extension.appex in Embed App Extensions */,
			);
			name = "Embed App Extensions";
			runOnlyForDeploymentPostprocessing = 0;
		};
		66DC40FF25D23F77002E8D4A /* Embed Watch Content */ = {
			isa = PBXCopyFilesBuildPhase;
			buildActionMask = 2147483647;
			dstPath = "$(CONTENTS_FOLDER_PATH)/Watch";
			dstSubfolderSpec = 16;
			files = (
				66DC40C125D23F75002E8D4A /* SendToWatchTest WatchKit App.app in Embed Watch Content */,
			);
			name = "Embed Watch Content";
			runOnlyForDeploymentPostprocessing = 0;
		};
/* End PBXCopyFilesBuildPhase section */

/* Begin PBXFileReference section */
		66DC409625D23F73002E8D4A /* SendToWatchTest.app */ = {isa = PBXFileReference; explicitFileType = wrapper.application; includeInIndex = 0; path = SendToWatchTest.app; sourceTree = BUILT_PRODUCTS_DIR; };
		66DC409925D23F73002E8D4A /* AppDelegate.swift */ = {isa = PBXFileReference; lastKnownFileType = sourcecode.swift; path = AppDelegate.swift; sourceTree = "<group>"; };
		66DC409B25D23F73002E8D4A /* SceneDelegate.swift */ = {isa = PBXFileReference; lastKnownFileType = sourcecode.swift; path = SceneDelegate.swift; sourceTree = "<group>"; };
		66DC409D25D23F73002E8D4A /* ViewController.swift */ = {isa = PBXFileReference; lastKnownFileType = sourcecode.swift; path = ViewController.swift; sourceTree = "<group>"; };
		66DC40A025D23F73002E8D4A /* Base */ = {isa = PBXFileReference; lastKnownFileType = file.storyboard; name = Base; path = Base.lproj/Main.storyboard; sourceTree = "<group>"; };
		66DC40A225D23F75002E8D4A /* Assets.xcassets */ = {isa = PBXFileReference; lastKnownFileType = folder.assetcatalog; path = Assets.xcassets; sourceTree = "<group>"; };
		66DC40A525D23F75002E8D4A /* Base */ = {isa = PBXFileReference; lastKnownFileType = file.storyboard; name = Base; path = Base.lproj/LaunchScreen.storyboard; sourceTree = "<group>"; };
		66DC40A725D23F75002E8D4A /* Info.plist */ = {isa = PBXFileReference; lastKnownFileType = text.plist.xml; path = Info.plist; sourceTree = "<group>"; };
		66DC40AC25D23F75002E8D4A /* SendToWatchTestTests.xctest */ = {isa = PBXFileReference; explicitFileType = wrapper.cfbundle; includeInIndex = 0; path = SendToWatchTestTests.xctest; sourceTree = BUILT_PRODUCTS_DIR; };
		66DC40B025D23F75002E8D4A /* SendToWatchTestTests.swift */ = {isa = PBXFileReference; lastKnownFileType = sourcecode.swift; path = SendToWatchTestTests.swift; sourceTree = "<group>"; };
		66DC40B225D23F75002E8D4A /* Info.plist */ = {isa = PBXFileReference; lastKnownFileType = text.plist.xml; path = Info.plist; sourceTree = "<group>"; };
		66DC40B725D23F75002E8D4A /* SendToWatchTestUITests.xctest */ = {isa = PBXFileReference; explicitFileType = wrapper.cfbundle; includeInIndex = 0; path = SendToWatchTestUITests.xctest; sourceTree = BUILT_PRODUCTS_DIR; };
		66DC40BB25D23F75002E8D4A /* SendToWatchTestUITests.swift */ = {isa = PBXFileReference; lastKnownFileType = sourcecode.swift; path = SendToWatchTestUITests.swift; sourceTree = "<group>"; };
		66DC40BD25D23F75002E8D4A /* Info.plist */ = {isa = PBXFileReference; lastKnownFileType = text.plist.xml; path = Info.plist; sourceTree = "<group>"; };
		66DC40C025D23F75002E8D4A /* SendToWatchTest WatchKit App.app */ = {isa = PBXFileReference; explicitFileType = wrapper.application; includeInIndex = 0; path = "SendToWatchTest WatchKit App.app"; sourceTree = BUILT_PRODUCTS_DIR; };
		66DC40C625D23F75002E8D4A /* Base */ = {isa = PBXFileReference; lastKnownFileType = file.storyboard; name = Base; path = Base.lproj/Interface.storyboard; sourceTree = "<group>"; };
		66DC40C825D23F76002E8D4A /* Assets.xcassets */ = {isa = PBXFileReference; lastKnownFileType = folder.assetcatalog; path = Assets.xcassets; sourceTree = "<group>"; };
		66DC40CA25D23F76002E8D4A /* Info.plist */ = {isa = PBXFileReference; lastKnownFileType = text.plist.xml; path = Info.plist; sourceTree = "<group>"; };
		66DC40CF25D23F76002E8D4A /* SendToWatchTest WatchKit Extension.appex */ = {isa = PBXFileReference; explicitFileType = "wrapper.app-extension"; includeInIndex = 0; path = "SendToWatchTest WatchKit Extension.appex"; sourceTree = BUILT_PRODUCTS_DIR; };
		66DC40D425D23F76002E8D4A /* InterfaceController.swift */ = {isa = PBXFileReference; lastKnownFileType = sourcecode.swift; path = InterfaceController.swift; sourceTree = "<group>"; };
		66DC40D625D23F76002E8D4A /* ExtensionDelegate.swift */ = {isa = PBXFileReference; lastKnownFileType = sourcecode.swift; path = ExtensionDelegate.swift; sourceTree = "<group>"; };
		66DC40D825D23F76002E8D4A /* NotificationController.swift */ = {isa = PBXFileReference; lastKnownFileType = sourcecode.swift; path = NotificationController.swift; sourceTree = "<group>"; };
		66DC40DA25D23F76002E8D4A /* ComplicationController.swift */ = {isa = PBXFileReference; lastKnownFileType = sourcecode.swift; path = ComplicationController.swift; sourceTree = "<group>"; };
		66DC40DC25D23F77002E8D4A /* Assets.xcassets */ = {isa = PBXFileReference; lastKnownFileType = folder.assetcatalog; path = Assets.xcassets; sourceTree = "<group>"; };
		66DC40DE25D23F77002E8D4A /* Info.plist */ = {isa = PBXFileReference; lastKnownFileType = text.plist.xml; path = Info.plist; sourceTree = "<group>"; };
		66DC40DF25D23F77002E8D4A /* PushNotificationPayload.apns */ = {isa = PBXFileReference; lastKnownFileType = text; path = PushNotificationPayload.apns; sourceTree = "<group>"; };
		66DC40E425D23F77002E8D4A /* SendToWatchTest WatchKit AppTests.xctest */ = {isa = PBXFileReference; explicitFileType = wrapper.cfbundle; includeInIndex = 0; path = "SendToWatchTest WatchKit AppTests.xctest"; sourceTree = BUILT_PRODUCTS_DIR; };
		66DC40E825D23F77002E8D4A /* SendToWatchTest_WatchKit_AppTests.swift */ = {isa = PBXFileReference; lastKnownFileType = sourcecode.swift; path = SendToWatchTest_WatchKit_AppTests.swift; sourceTree = "<group>"; };
		66DC40EA25D23F77002E8D4A /* Info.plist */ = {isa = PBXFileReference; lastKnownFileType = text.plist.xml; path = Info.plist; sourceTree = "<group>"; };
		66DC40EF25D23F77002E8D4A /* SendToWatchTest WatchKit AppUITests.xctest */ = {isa = PBXFileReference; explicitFileType = wrapper.cfbundle; includeInIndex = 0; path = "SendToWatchTest WatchKit AppUITests.xctest"; sourceTree = BUILT_PRODUCTS_DIR; };
		66DC40F325D23F77002E8D4A /* SendToWatchTest_WatchKit_AppUITests.swift */ = {isa = PBXFileReference; lastKnownFileType = sourcecode.swift; path = SendToWatchTest_WatchKit_AppUITests.swift; sourceTree = "<group>"; };
		66DC40F525D23F77002E8D4A /* Info.plist */ = {isa = PBXFileReference; lastKnownFileType = text.plist.xml; path = Info.plist; sourceTree = "<group>"; };
/* End PBXFileReference section */

/* Begin PBXFrameworksBuildPhase section */
		66DC409325D23F73002E8D4A /* Frameworks */ = {
			isa = PBXFrameworksBuildPhase;
			buildActionMask = 2147483647;
			files = (
				66DC411125D24E6D002E8D4A /* SPAlert in Frameworks */,
				66DC411F25D25DE4002E8D4A /* Communicator in Frameworks */,
			);
			runOnlyForDeploymentPostprocessing = 0;
		};
		66DC40A925D23F75002E8D4A /* Frameworks */ = {
			isa = PBXFrameworksBuildPhase;
			buildActionMask = 2147483647;
			files = (
			);
			runOnlyForDeploymentPostprocessing = 0;
		};
		66DC40B425D23F75002E8D4A /* Frameworks */ = {
			isa = PBXFrameworksBuildPhase;
			buildActionMask = 2147483647;
			files = (
			);
			runOnlyForDeploymentPostprocessing = 0;
		};
		66DC40CC25D23F76002E8D4A /* Frameworks */ = {
			isa = PBXFrameworksBuildPhase;
			buildActionMask = 2147483647;
			files = (
				66DC411C25D25D7F002E8D4A /* Communicator in Frameworks */,
			);
			runOnlyForDeploymentPostprocessing = 0;
		};
		66DC40E125D23F77002E8D4A /* Frameworks */ = {
			isa = PBXFrameworksBuildPhase;
			buildActionMask = 2147483647;
			files = (
			);
			runOnlyForDeploymentPostprocessing = 0;
		};
		66DC40EC25D23F77002E8D4A /* Frameworks */ = {
			isa = PBXFrameworksBuildPhase;
			buildActionMask = 2147483647;
			files = (
			);
			runOnlyForDeploymentPostprocessing = 0;
		};
/* End PBXFrameworksBuildPhase section */

/* Begin PBXGroup section */
		66DC408D25D23F72002E8D4A = {
			isa = PBXGroup;
			children = (
				66DC409825D23F73002E8D4A /* SendToWatchTest */,
				66DC40AF25D23F75002E8D4A /* SendToWatchTestTests */,
				66DC40BA25D23F75002E8D4A /* SendToWatchTestUITests */,
				66DC40C425D23F75002E8D4A /* SendToWatchTest WatchKit App */,
				66DC40D325D23F76002E8D4A /* SendToWatchTest WatchKit Extension */,
				66DC40E725D23F77002E8D4A /* SendToWatchTest WatchKit AppTests */,
				66DC40F225D23F77002E8D4A /* SendToWatchTest WatchKit AppUITests */,
				66DC409725D23F73002E8D4A /* Products */,
				66DC411D25D25DE4002E8D4A /* Frameworks */,
			);
			sourceTree = "<group>";
		};
		66DC409725D23F73002E8D4A /* Products */ = {
			isa = PBXGroup;
			children = (
				66DC409625D23F73002E8D4A /* SendToWatchTest.app */,
				66DC40AC25D23F75002E8D4A /* SendToWatchTestTests.xctest */,
				66DC40B725D23F75002E8D4A /* SendToWatchTestUITests.xctest */,
				66DC40C025D23F75002E8D4A /* SendToWatchTest WatchKit App.app */,
				66DC40CF25D23F76002E8D4A /* SendToWatchTest WatchKit Extension.appex */,
				66DC40E425D23F77002E8D4A /* SendToWatchTest WatchKit AppTests.xctest */,
				66DC40EF25D23F77002E8D4A /* SendToWatchTest WatchKit AppUITests.xctest */,
			);
			name = Products;
			sourceTree = "<group>";
		};
		66DC409825D23F73002E8D4A /* SendToWatchTest */ = {
			isa = PBXGroup;
			children = (
				66DC409925D23F73002E8D4A /* AppDelegate.swift */,
				66DC409B25D23F73002E8D4A /* SceneDelegate.swift */,
				66DC409D25D23F73002E8D4A /* ViewController.swift */,
				66DC409F25D23F73002E8D4A /* Main.storyboard */,
				66DC40A225D23F75002E8D4A /* Assets.xcassets */,
				66DC40A425D23F75002E8D4A /* LaunchScreen.storyboard */,
				66DC40A725D23F75002E8D4A /* Info.plist */,
			);
			path = SendToWatchTest;
			sourceTree = "<group>";
		};
		66DC40AF25D23F75002E8D4A /* SendToWatchTestTests */ = {
			isa = PBXGroup;
			children = (
				66DC40B025D23F75002E8D4A /* SendToWatchTestTests.swift */,
				66DC40B225D23F75002E8D4A /* Info.plist */,
			);
			path = SendToWatchTestTests;
			sourceTree = "<group>";
		};
		66DC40BA25D23F75002E8D4A /* SendToWatchTestUITests */ = {
			isa = PBXGroup;
			children = (
				66DC40BB25D23F75002E8D4A /* SendToWatchTestUITests.swift */,
				66DC40BD25D23F75002E8D4A /* Info.plist */,
			);
			path = SendToWatchTestUITests;
			sourceTree = "<group>";
		};
		66DC40C425D23F75002E8D4A /* SendToWatchTest WatchKit App */ = {
			isa = PBXGroup;
			children = (
				66DC40C525D23F75002E8D4A /* Interface.storyboard */,
				66DC40C825D23F76002E8D4A /* Assets.xcassets */,
				66DC40CA25D23F76002E8D4A /* Info.plist */,
			);
			path = "SendToWatchTest WatchKit App";
			sourceTree = "<group>";
		};
		66DC40D325D23F76002E8D4A /* SendToWatchTest WatchKit Extension */ = {
			isa = PBXGroup;
			children = (
				66DC40D425D23F76002E8D4A /* InterfaceController.swift */,
				66DC40D625D23F76002E8D4A /* ExtensionDelegate.swift */,
				66DC40D825D23F76002E8D4A /* NotificationController.swift */,
				66DC40DA25D23F76002E8D4A /* ComplicationController.swift */,
				66DC40DC25D23F77002E8D4A /* Assets.xcassets */,
				66DC40DE25D23F77002E8D4A /* Info.plist */,
				66DC40DF25D23F77002E8D4A /* PushNotificationPayload.apns */,
			);
			path = "SendToWatchTest WatchKit Extension";
			sourceTree = "<group>";
		};
		66DC40E725D23F77002E8D4A /* SendToWatchTest WatchKit AppTests */ = {
			isa = PBXGroup;
			children = (
				66DC40E825D23F77002E8D4A /* SendToWatchTest_WatchKit_AppTests.swift */,
				66DC40EA25D23F77002E8D4A /* Info.plist */,
			);
			path = "SendToWatchTest WatchKit AppTests";
			sourceTree = "<group>";
		};
		66DC40F225D23F77002E8D4A /* SendToWatchTest WatchKit AppUITests */ = {
			isa = PBXGroup;
			children = (
				66DC40F325D23F77002E8D4A /* SendToWatchTest_WatchKit_AppUITests.swift */,
				66DC40F525D23F77002E8D4A /* Info.plist */,
			);
			path = "SendToWatchTest WatchKit AppUITests";
			sourceTree = "<group>";
		};
		66DC411D25D25DE4002E8D4A /* Frameworks */ = {
			isa = PBXGroup;
			children = (
			);
			name = Frameworks;
			sourceTree = "<group>";
		};
/* End PBXGroup section */

/* Begin PBXNativeTarget section */
		66DC409525D23F73002E8D4A /* SendToWatchTest */ = {
			isa = PBXNativeTarget;
			buildConfigurationList = 66DC410025D23F77002E8D4A /* Build configuration list for PBXNativeTarget "SendToWatchTest" */;
			buildPhases = (
				66DC409225D23F73002E8D4A /* Sources */,
				66DC409325D23F73002E8D4A /* Frameworks */,
				66DC409425D23F73002E8D4A /* Resources */,
				66DC40FF25D23F77002E8D4A /* Embed Watch Content */,
			);
			buildRules = (
			);
			dependencies = (
				66DC40C325D23F75002E8D4A /* PBXTargetDependency */,
			);
			name = SendToWatchTest;
			packageProductDependencies = (
				66DC411025D24E6D002E8D4A /* SPAlert */,
				66DC411E25D25DE4002E8D4A /* Communicator */,
			);
			productName = SendToWatchTest;
			productReference = 66DC409625D23F73002E8D4A /* SendToWatchTest.app */;
			productType = "com.apple.product-type.application";
		};
		66DC40AB25D23F75002E8D4A /* SendToWatchTestTests */ = {
			isa = PBXNativeTarget;
			buildConfigurationList = 66DC410325D23F77002E8D4A /* Build configuration list for PBXNativeTarget "SendToWatchTestTests" */;
			buildPhases = (
				66DC40A825D23F75002E8D4A /* Sources */,
				66DC40A925D23F75002E8D4A /* Frameworks */,
				66DC40AA25D23F75002E8D4A /* Resources */,
			);
			buildRules = (
			);
			dependencies = (
				66DC40AE25D23F75002E8D4A /* PBXTargetDependency */,
			);
			name = SendToWatchTestTests;
			productName = SendToWatchTestTests;
			productReference = 66DC40AC25D23F75002E8D4A /* SendToWatchTestTests.xctest */;
			productType = "com.apple.product-type.bundle.unit-test";
		};
		66DC40B625D23F75002E8D4A /* SendToWatchTestUITests */ = {
			isa = PBXNativeTarget;
			buildConfigurationList = 66DC410625D23F77002E8D4A /* Build configuration list for PBXNativeTarget "SendToWatchTestUITests" */;
			buildPhases = (
				66DC40B325D23F75002E8D4A /* Sources */,
				66DC40B425D23F75002E8D4A /* Frameworks */,
				66DC40B525D23F75002E8D4A /* Resources */,
			);
			buildRules = (
			);
			dependencies = (
				66DC40B925D23F75002E8D4A /* PBXTargetDependency */,
			);
			name = SendToWatchTestUITests;
			productName = SendToWatchTestUITests;
			productReference = 66DC40B725D23F75002E8D4A /* SendToWatchTestUITests.xctest */;
			productType = "com.apple.product-type.bundle.ui-testing";
		};
		66DC40BF25D23F75002E8D4A /* SendToWatchTest WatchKit App */ = {
			isa = PBXNativeTarget;
			buildConfigurationList = 66DC40FC25D23F77002E8D4A /* Build configuration list for PBXNativeTarget "SendToWatchTest WatchKit App" */;
			buildPhases = (
				66DC40BE25D23F75002E8D4A /* Resources */,
				66DC40FB25D23F77002E8D4A /* Embed App Extensions */,
			);
			buildRules = (
			);
			dependencies = (
				66DC40D225D23F76002E8D4A /* PBXTargetDependency */,
			);
			name = "SendToWatchTest WatchKit App";
			packageProductDependencies = (
			);
			productName = "SendToWatchTest WatchKit App";
			productReference = 66DC40C025D23F75002E8D4A /* SendToWatchTest WatchKit App.app */;
			productType = "com.apple.product-type.application.watchapp2";
		};
		66DC40CE25D23F76002E8D4A /* SendToWatchTest WatchKit Extension */ = {
			isa = PBXNativeTarget;
			buildConfigurationList = 66DC40F825D23F77002E8D4A /* Build configuration list for PBXNativeTarget "SendToWatchTest WatchKit Extension" */;
			buildPhases = (
				66DC40CB25D23F76002E8D4A /* Sources */,
				66DC40CC25D23F76002E8D4A /* Frameworks */,
				66DC40CD25D23F76002E8D4A /* Resources */,
			);
			buildRules = (
			);
			dependencies = (
			);
			name = "SendToWatchTest WatchKit Extension";
			packageProductDependencies = (
				66DC411B25D25D7F002E8D4A /* Communicator */,
			);
			productName = "SendToWatchTest WatchKit Extension";
			productReference = 66DC40CF25D23F76002E8D4A /* SendToWatchTest WatchKit Extension.appex */;
			productType = "com.apple.product-type.watchkit2-extension";
		};
		66DC40E325D23F77002E8D4A /* SendToWatchTest WatchKit AppTests */ = {
			isa = PBXNativeTarget;
			buildConfigurationList = 66DC410925D23F77002E8D4A /* Build configuration list for PBXNativeTarget "SendToWatchTest WatchKit AppTests" */;
			buildPhases = (
				66DC40E025D23F77002E8D4A /* Sources */,
				66DC40E125D23F77002E8D4A /* Frameworks */,
				66DC40E225D23F77002E8D4A /* Resources */,
			);
			buildRules = (
			);
			dependencies = (
				66DC40E625D23F77002E8D4A /* PBXTargetDependency */,
			);
			name = "SendToWatchTest WatchKit AppTests";
			productName = "SendToWatchTest WatchKit AppTests";
			productReference = 66DC40E425D23F77002E8D4A /* SendToWatchTest WatchKit AppTests.xctest */;
			productType = "com.apple.product-type.bundle.unit-test";
		};
		66DC40EE25D23F77002E8D4A /* SendToWatchTest WatchKit AppUITests */ = {
			isa = PBXNativeTarget;
			buildConfigurationList = 66DC410C25D23F77002E8D4A /* Build configuration list for PBXNativeTarget "SendToWatchTest WatchKit AppUITests" */;
			buildPhases = (
				66DC40EB25D23F77002E8D4A /* Sources */,
				66DC40EC25D23F77002E8D4A /* Frameworks */,
				66DC40ED25D23F77002E8D4A /* Resources */,
			);
			buildRules = (
			);
			dependencies = (
				66DC40F125D23F77002E8D4A /* PBXTargetDependency */,
			);
			name = "SendToWatchTest WatchKit AppUITests";
			productName = "SendToWatchTest WatchKit AppUITests";
			productReference = 66DC40EF25D23F77002E8D4A /* SendToWatchTest WatchKit AppUITests.xctest */;
			productType = "com.apple.product-type.bundle.ui-testing";
		};
/* End PBXNativeTarget section */

/* Begin PBXProject section */
		66DC408E25D23F72002E8D4A /* Project object */ = {
			isa = PBXProject;
			attributes = {
				LastSwiftUpdateCheck = 1250;
				LastUpgradeCheck = 1250;
				TargetAttributes = {
					66DC409525D23F73002E8D4A = {
						CreatedOnToolsVersion = 12.5;
					};
					66DC40AB25D23F75002E8D4A = {
						CreatedOnToolsVersion = 12.5;
						TestTargetID = 66DC409525D23F73002E8D4A;
					};
					66DC40B625D23F75002E8D4A = {
						CreatedOnToolsVersion = 12.5;
						TestTargetID = 66DC409525D23F73002E8D4A;
					};
					66DC40BF25D23F75002E8D4A = {
						CreatedOnToolsVersion = 12.5;
					};
					66DC40CE25D23F76002E8D4A = {
						CreatedOnToolsVersion = 12.5;
					};
					66DC40E325D23F77002E8D4A = {
						CreatedOnToolsVersion = 12.5;
						TestTargetID = 66DC40CE25D23F76002E8D4A;
					};
					66DC40EE25D23F77002E8D4A = {
						CreatedOnToolsVersion = 12.5;
						TestTargetID = 66DC40BF25D23F75002E8D4A;
					};
				};
			};
			buildConfigurationList = 66DC409125D23F72002E8D4A /* Build configuration list for PBXProject "SendToWatchTest" */;
			compatibilityVersion = "Xcode 9.3";
			developmentRegion = en;
			hasScannedForEncodings = 0;
			knownRegions = (
				en,
				Base,
			);
			mainGroup = 66DC408D25D23F72002E8D4A;
			packageReferences = (
				66DC410F25D24E6D002E8D4A /* XCRemoteSwiftPackageReference "SPAlert" */,
				66DC411A25D25D7E002E8D4A /* XCRemoteSwiftPackageReference "Communicator" */,
			);
			productRefGroup = 66DC409725D23F73002E8D4A /* Products */;
			projectDirPath = "";
			projectRoot = "";
			targets = (
				66DC409525D23F73002E8D4A /* SendToWatchTest */,
				66DC40AB25D23F75002E8D4A /* SendToWatchTestTests */,
				66DC40B625D23F75002E8D4A /* SendToWatchTestUITests */,
				66DC40BF25D23F75002E8D4A /* SendToWatchTest WatchKit App */,
				66DC40CE25D23F76002E8D4A /* SendToWatchTest WatchKit Extension */,
				66DC40E325D23F77002E8D4A /* SendToWatchTest WatchKit AppTests */,
				66DC40EE25D23F77002E8D4A /* SendToWatchTest WatchKit AppUITests */,
			);
		};
/* End PBXProject section */

/* Begin PBXResourcesBuildPhase section */
		66DC409425D23F73002E8D4A /* Resources */ = {
			isa = PBXResourcesBuildPhase;
			buildActionMask = 2147483647;
			files = (
				66DC40A625D23F75002E8D4A /* LaunchScreen.storyboard in Resources */,
				66DC40A325D23F75002E8D4A /* Assets.xcassets in Resources */,
				66DC40A125D23F73002E8D4A /* Main.storyboard in Resources */,
			);
			runOnlyForDeploymentPostprocessing = 0;
		};
		66DC40AA25D23F75002E8D4A /* Resources */ = {
			isa = PBXResourcesBuildPhase;
			buildActionMask = 2147483647;
			files = (
			);
			runOnlyForDeploymentPostprocessing = 0;
		};
		66DC40B525D23F75002E8D4A /* Resources */ = {
			isa = PBXResourcesBuildPhase;
			buildActionMask = 2147483647;
			files = (
			);
			runOnlyForDeploymentPostprocessing = 0;
		};
		66DC40BE25D23F75002E8D4A /* Resources */ = {
			isa = PBXResourcesBuildPhase;
			buildActionMask = 2147483647;
			files = (
				66DC40C925D23F76002E8D4A /* Assets.xcassets in Resources */,
				66DC40C725D23F75002E8D4A /* Interface.storyboard in Resources */,
			);
			runOnlyForDeploymentPostprocessing = 0;
		};
		66DC40CD25D23F76002E8D4A /* Resources */ = {
			isa = PBXResourcesBuildPhase;
			buildActionMask = 2147483647;
			files = (
				66DC40DD25D23F77002E8D4A /* Assets.xcassets in Resources */,
			);
			runOnlyForDeploymentPostprocessing = 0;
		};
		66DC40E225D23F77002E8D4A /* Resources */ = {
			isa = PBXResourcesBuildPhase;
			buildActionMask = 2147483647;
			files = (
			);
			runOnlyForDeploymentPostprocessing = 0;
		};
		66DC40ED25D23F77002E8D4A /* Resources */ = {
			isa = PBXResourcesBuildPhase;
			buildActionMask = 2147483647;
			files = (
			);
			runOnlyForDeploymentPostprocessing = 0;
		};
/* End PBXResourcesBuildPhase section */

/* Begin PBXSourcesBuildPhase section */
		66DC409225D23F73002E8D4A /* Sources */ = {
			isa = PBXSourcesBuildPhase;
			buildActionMask = 2147483647;
			files = (
				66DC409E25D23F73002E8D4A /* ViewController.swift in Sources */,
				66DC409A25D23F73002E8D4A /* AppDelegate.swift in Sources */,
				66DC409C25D23F73002E8D4A /* SceneDelegate.swift in Sources */,
			);
			runOnlyForDeploymentPostprocessing = 0;
		};
		66DC40A825D23F75002E8D4A /* Sources */ = {
			isa = PBXSourcesBuildPhase;
			buildActionMask = 2147483647;
			files = (
				66DC40B125D23F75002E8D4A /* SendToWatchTestTests.swift in Sources */,
			);
			runOnlyForDeploymentPostprocessing = 0;
		};
		66DC40B325D23F75002E8D4A /* Sources */ = {
			isa = PBXSourcesBuildPhase;
			buildActionMask = 2147483647;
			files = (
				66DC40BC25D23F75002E8D4A /* SendToWatchTestUITests.swift in Sources */,
			);
			runOnlyForDeploymentPostprocessing = 0;
		};
		66DC40CB25D23F76002E8D4A /* Sources */ = {
			isa = PBXSourcesBuildPhase;
			buildActionMask = 2147483647;
			files = (
				66DC40D925D23F76002E8D4A /* NotificationController.swift in Sources */,
				66DC40DB25D23F76002E8D4A /* ComplicationController.swift in Sources */,
				66DC40D725D23F76002E8D4A /* ExtensionDelegate.swift in Sources */,
				66DC40D525D23F76002E8D4A /* InterfaceController.swift in Sources */,
			);
			runOnlyForDeploymentPostprocessing = 0;
		};
		66DC40E025D23F77002E8D4A /* Sources */ = {
			isa = PBXSourcesBuildPhase;
			buildActionMask = 2147483647;
			files = (
				66DC40E925D23F77002E8D4A /* SendToWatchTest_WatchKit_AppTests.swift in Sources */,
			);
			runOnlyForDeploymentPostprocessing = 0;
		};
		66DC40EB25D23F77002E8D4A /* Sources */ = {
			isa = PBXSourcesBuildPhase;
			buildActionMask = 2147483647;
			files = (
				66DC40F425D23F77002E8D4A /* SendToWatchTest_WatchKit_AppUITests.swift in Sources */,
			);
			runOnlyForDeploymentPostprocessing = 0;
		};
/* End PBXSourcesBuildPhase section */

/* Begin PBXTargetDependency section */
		66DC40AE25D23F75002E8D4A /* PBXTargetDependency */ = {
			isa = PBXTargetDependency;
			target = 66DC409525D23F73002E8D4A /* SendToWatchTest */;
			targetProxy = 66DC40AD25D23F75002E8D4A /* PBXContainerItemProxy */;
		};
		66DC40B925D23F75002E8D4A /* PBXTargetDependency */ = {
			isa = PBXTargetDependency;
			target = 66DC409525D23F73002E8D4A /* SendToWatchTest */;
			targetProxy = 66DC40B825D23F75002E8D4A /* PBXContainerItemProxy */;
		};
		66DC40C325D23F75002E8D4A /* PBXTargetDependency */ = {
			isa = PBXTargetDependency;
			target = 66DC40BF25D23F75002E8D4A /* SendToWatchTest WatchKit App */;
			targetProxy = 66DC40C225D23F75002E8D4A /* PBXContainerItemProxy */;
		};
		66DC40D225D23F76002E8D4A /* PBXTargetDependency */ = {
			isa = PBXTargetDependency;
			target = 66DC40CE25D23F76002E8D4A /* SendToWatchTest WatchKit Extension */;
			targetProxy = 66DC40D125D23F76002E8D4A /* PBXContainerItemProxy */;
		};
		66DC40E625D23F77002E8D4A /* PBXTargetDependency */ = {
			isa = PBXTargetDependency;
			target = 66DC40CE25D23F76002E8D4A /* SendToWatchTest WatchKit Extension */;
			targetProxy = 66DC40E525D23F77002E8D4A /* PBXContainerItemProxy */;
		};
		66DC40F125D23F77002E8D4A /* PBXTargetDependency */ = {
			isa = PBXTargetDependency;
			target = 66DC40BF25D23F75002E8D4A /* SendToWatchTest WatchKit App */;
			targetProxy = 66DC40F025D23F77002E8D4A /* PBXContainerItemProxy */;
		};
/* End PBXTargetDependency section */

/* Begin PBXVariantGroup section */
		66DC409F25D23F73002E8D4A /* Main.storyboard */ = {
			isa = PBXVariantGroup;
			children = (
				66DC40A025D23F73002E8D4A /* Base */,
			);
			name = Main.storyboard;
			sourceTree = "<group>";
		};
		66DC40A425D23F75002E8D4A /* LaunchScreen.storyboard */ = {
			isa = PBXVariantGroup;
			children = (
				66DC40A525D23F75002E8D4A /* Base */,
			);
			name = LaunchScreen.storyboard;
			sourceTree = "<group>";
		};
		66DC40C525D23F75002E8D4A /* Interface.storyboard */ = {
			isa = PBXVariantGroup;
			children = (
				66DC40C625D23F75002E8D4A /* Base */,
			);
			name = Interface.storyboard;
			sourceTree = "<group>";
		};
/* End PBXVariantGroup section */

/* Begin XCBuildConfiguration section */
		66DC40F625D23F77002E8D4A /* Debug */ = {
			isa = XCBuildConfiguration;
			buildSettings = {
				ALWAYS_SEARCH_USER_PATHS = NO;
				CLANG_ANALYZER_NONNULL = YES;
				CLANG_ANALYZER_NUMBER_OBJECT_CONVERSION = YES_AGGRESSIVE;
				CLANG_CXX_LANGUAGE_STANDARD = "gnu++14";
				CLANG_CXX_LIBRARY = "libc++";
				CLANG_ENABLE_MODULES = YES;
				CLANG_ENABLE_OBJC_ARC = YES;
				CLANG_ENABLE_OBJC_WEAK = YES;
				CLANG_WARN_BLOCK_CAPTURE_AUTORELEASING = YES;
				CLANG_WARN_BOOL_CONVERSION = YES;
				CLANG_WARN_COMMA = YES;
				CLANG_WARN_CONSTANT_CONVERSION = YES;
				CLANG_WARN_DEPRECATED_OBJC_IMPLEMENTATIONS = YES;
				CLANG_WARN_DIRECT_OBJC_ISA_USAGE = YES_ERROR;
				CLANG_WARN_DOCUMENTATION_COMMENTS = YES;
				CLANG_WARN_EMPTY_BODY = YES;
				CLANG_WARN_ENUM_CONVERSION = YES;
				CLANG_WARN_INFINITE_RECURSION = YES;
				CLANG_WARN_INT_CONVERSION = YES;
				CLANG_WARN_NON_LITERAL_NULL_CONVERSION = YES;
				CLANG_WARN_OBJC_IMPLICIT_RETAIN_SELF = YES;
				CLANG_WARN_OBJC_LITERAL_CONVERSION = YES;
				CLANG_WARN_OBJC_ROOT_CLASS = YES_ERROR;
				CLANG_WARN_QUOTED_INCLUDE_IN_FRAMEWORK_HEADER = YES;
				CLANG_WARN_RANGE_LOOP_ANALYSIS = YES;
				CLANG_WARN_STRICT_PROTOTYPES = YES;
				CLANG_WARN_SUSPICIOUS_MOVE = YES;
				CLANG_WARN_UNGUARDED_AVAILABILITY = YES_AGGRESSIVE;
				CLANG_WARN_UNREACHABLE_CODE = YES;
				CLANG_WARN__DUPLICATE_METHOD_MATCH = YES;
				COPY_PHASE_STRIP = NO;
				DEBUG_INFORMATION_FORMAT = dwarf;
				ENABLE_STRICT_OBJC_MSGSEND = YES;
				ENABLE_TESTABILITY = YES;
				GCC_C_LANGUAGE_STANDARD = gnu11;
				GCC_DYNAMIC_NO_PIC = NO;
				GCC_NO_COMMON_BLOCKS = YES;
				GCC_OPTIMIZATION_LEVEL = 0;
				GCC_PREPROCESSOR_DEFINITIONS = (
					"DEBUG=1",
					"$(inherited)",
				);
				GCC_WARN_64_TO_32_BIT_CONVERSION = YES;
				GCC_WARN_ABOUT_RETURN_TYPE = YES_ERROR;
				GCC_WARN_UNDECLARED_SELECTOR = YES;
				GCC_WARN_UNINITIALIZED_AUTOS = YES_AGGRESSIVE;
				GCC_WARN_UNUSED_FUNCTION = YES;
				GCC_WARN_UNUSED_VARIABLE = YES;
				MTL_ENABLE_DEBUG_INFO = INCLUDE_SOURCE;
				MTL_FAST_MATH = YES;
				ONLY_ACTIVE_ARCH = YES;
				SWIFT_ACTIVE_COMPILATION_CONDITIONS = DEBUG;
				SWIFT_OPTIMIZATION_LEVEL = "-Onone";
			};
			name = Debug;
		};
		66DC40F725D23F77002E8D4A /* Release */ = {
			isa = XCBuildConfiguration;
			buildSettings = {
				ALWAYS_SEARCH_USER_PATHS = NO;
				CLANG_ANALYZER_NONNULL = YES;
				CLANG_ANALYZER_NUMBER_OBJECT_CONVERSION = YES_AGGRESSIVE;
				CLANG_CXX_LANGUAGE_STANDARD = "gnu++14";
				CLANG_CXX_LIBRARY = "libc++";
				CLANG_ENABLE_MODULES = YES;
				CLANG_ENABLE_OBJC_ARC = YES;
				CLANG_ENABLE_OBJC_WEAK = YES;
				CLANG_WARN_BLOCK_CAPTURE_AUTORELEASING = YES;
				CLANG_WARN_BOOL_CONVERSION = YES;
				CLANG_WARN_COMMA = YES;
				CLANG_WARN_CONSTANT_CONVERSION = YES;
				CLANG_WARN_DEPRECATED_OBJC_IMPLEMENTATIONS = YES;
				CLANG_WARN_DIRECT_OBJC_ISA_USAGE = YES_ERROR;
				CLANG_WARN_DOCUMENTATION_COMMENTS = YES;
				CLANG_WARN_EMPTY_BODY = YES;
				CLANG_WARN_ENUM_CONVERSION = YES;
				CLANG_WARN_INFINITE_RECURSION = YES;
				CLANG_WARN_INT_CONVERSION = YES;
				CLANG_WARN_NON_LITERAL_NULL_CONVERSION = YES;
				CLANG_WARN_OBJC_IMPLICIT_RETAIN_SELF = YES;
				CLANG_WARN_OBJC_LITERAL_CONVERSION = YES;
				CLANG_WARN_OBJC_ROOT_CLASS = YES_ERROR;
				CLANG_WARN_QUOTED_INCLUDE_IN_FRAMEWORK_HEADER = YES;
				CLANG_WARN_RANGE_LOOP_ANALYSIS = YES;
				CLANG_WARN_STRICT_PROTOTYPES = YES;
				CLANG_WARN_SUSPICIOUS_MOVE = YES;
				CLANG_WARN_UNGUARDED_AVAILABILITY = YES_AGGRESSIVE;
				CLANG_WARN_UNREACHABLE_CODE = YES;
				CLANG_WARN__DUPLICATE_METHOD_MATCH = YES;
				COPY_PHASE_STRIP = NO;
				DEBUG_INFORMATION_FORMAT = "dwarf-with-dsym";
				ENABLE_NS_ASSERTIONS = NO;
				ENABLE_STRICT_OBJC_MSGSEND = YES;
				GCC_C_LANGUAGE_STANDARD = gnu11;
				GCC_NO_COMMON_BLOCKS = YES;
				GCC_WARN_64_TO_32_BIT_CONVERSION = YES;
				GCC_WARN_ABOUT_RETURN_TYPE = YES_ERROR;
				GCC_WARN_UNDECLARED_SELECTOR = YES;
				GCC_WARN_UNINITIALIZED_AUTOS = YES_AGGRESSIVE;
				GCC_WARN_UNUSED_FUNCTION = YES;
				GCC_WARN_UNUSED_VARIABLE = YES;
				MTL_ENABLE_DEBUG_INFO = NO;
				MTL_FAST_MATH = YES;
				SWIFT_COMPILATION_MODE = wholemodule;
				SWIFT_OPTIMIZATION_LEVEL = "-O";
			};
			name = Release;
		};
		66DC40F925D23F77002E8D4A /* Debug */ = {
			isa = XCBuildConfiguration;
			buildSettings = {
				ASSETCATALOG_COMPILER_COMPLICATION_NAME = Complication;
				CODE_SIGN_STYLE = Automatic;
				DEVELOPMENT_TEAM = 6755LPJ5W2;
				INFOPLIST_FILE = "SendToWatchTest WatchKit Extension/Info.plist";
				LD_RUNPATH_SEARCH_PATHS = (
					"$(inherited)",
					"@executable_path/Frameworks",
					"@executable_path/../../Frameworks",
				);
				PRODUCT_BUNDLE_IDENTIFIER = com.sunapps.SendToWatchTest.watchkitapp.watchkitextension;
				PRODUCT_NAME = "${TARGET_NAME}";
				SDKROOT = watchos;
				SKIP_INSTALL = YES;
				SWIFT_VERSION = 5.0;
				TARGETED_DEVICE_FAMILY = 4;
				WATCHOS_DEPLOYMENT_TARGET = 7.4;
			};
			name = Debug;
		};
		66DC40FA25D23F77002E8D4A /* Release */ = {
			isa = XCBuildConfiguration;
			buildSettings = {
				ASSETCATALOG_COMPILER_COMPLICATION_NAME = Complication;
				CODE_SIGN_STYLE = Automatic;
				DEVELOPMENT_TEAM = 6755LPJ5W2;
				INFOPLIST_FILE = "SendToWatchTest WatchKit Extension/Info.plist";
				LD_RUNPATH_SEARCH_PATHS = (
					"$(inherited)",
					"@executable_path/Frameworks",
					"@executable_path/../../Frameworks",
				);
				PRODUCT_BUNDLE_IDENTIFIER = com.sunapps.SendToWatchTest.watchkitapp.watchkitextension;
				PRODUCT_NAME = "${TARGET_NAME}";
				SDKROOT = watchos;
				SKIP_INSTALL = YES;
				SWIFT_VERSION = 5.0;
				TARGETED_DEVICE_FAMILY = 4;
				VALIDATE_PRODUCT = YES;
				WATCHOS_DEPLOYMENT_TARGET = 7.4;
			};
			name = Release;
		};
		66DC40FD25D23F77002E8D4A /* Debug */ = {
			isa = XCBuildConfiguration;
			buildSettings = {
				ALWAYS_EMBED_SWIFT_STANDARD_LIBRARIES = YES;
				ASSETCATALOG_COMPILER_APPICON_NAME = AppIcon;
				ASSETCATALOG_COMPILER_GLOBAL_ACCENT_COLOR_NAME = AccentColor;
				CODE_SIGN_STYLE = Automatic;
				DEVELOPMENT_TEAM = 6755LPJ5W2;
				IBSC_MODULE = SendToWatchTest_WatchKit_Extension;
				INFOPLIST_FILE = "SendToWatchTest WatchKit App/Info.plist";
				PRODUCT_BUNDLE_IDENTIFIER = com.sunapps.SendToWatchTest.watchkitapp;
				PRODUCT_NAME = "$(TARGET_NAME)";
				SDKROOT = watchos;
				SKIP_INSTALL = YES;
				SWIFT_VERSION = 5.0;
				TARGETED_DEVICE_FAMILY = 4;
				WATCHOS_DEPLOYMENT_TARGET = 7.4;
			};
			name = Debug;
		};
		66DC40FE25D23F77002E8D4A /* Release */ = {
			isa = XCBuildConfiguration;
			buildSettings = {
				ALWAYS_EMBED_SWIFT_STANDARD_LIBRARIES = YES;
				ASSETCATALOG_COMPILER_APPICON_NAME = AppIcon;
				ASSETCATALOG_COMPILER_GLOBAL_ACCENT_COLOR_NAME = AccentColor;
				CODE_SIGN_STYLE = Automatic;
				DEVELOPMENT_TEAM = 6755LPJ5W2;
				IBSC_MODULE = SendToWatchTest_WatchKit_Extension;
				INFOPLIST_FILE = "SendToWatchTest WatchKit App/Info.plist";
				PRODUCT_BUNDLE_IDENTIFIER = com.sunapps.SendToWatchTest.watchkitapp;
				PRODUCT_NAME = "$(TARGET_NAME)";
				SDKROOT = watchos;
				SKIP_INSTALL = YES;
				SWIFT_VERSION = 5.0;
				TARGETED_DEVICE_FAMILY = 4;
				VALIDATE_PRODUCT = YES;
				WATCHOS_DEPLOYMENT_TARGET = 7.4;
			};
			name = Release;
		};
		66DC410125D23F77002E8D4A /* Debug */ = {
			isa = XCBuildConfiguration;
			buildSettings = {
				ASSETCATALOG_COMPILER_APPICON_NAME = AppIcon;
				ASSETCATALOG_COMPILER_GLOBAL_ACCENT_COLOR_NAME = AccentColor;
				CODE_SIGN_STYLE = Automatic;
				CURRENT_PROJECT_VERSION = 1;
				DEVELOPMENT_TEAM = 6755LPJ5W2;
				INFOPLIST_FILE = SendToWatchTest/Info.plist;
				IPHONEOS_DEPLOYMENT_TARGET = 14.1;
				LD_RUNPATH_SEARCH_PATHS = (
					"$(inherited)",
					"@executable_path/Frameworks",
				);
				PRODUCT_BUNDLE_IDENTIFIER = com.sunapps.SendToWatchTest;
				PRODUCT_NAME = "$(TARGET_NAME)";
				SDKROOT = iphoneos;
				SWIFT_VERSION = 5.0;
				TARGETED_DEVICE_FAMILY = "1,2";
			};
			name = Debug;
		};
		66DC410225D23F77002E8D4A /* Release */ = {
			isa = XCBuildConfiguration;
			buildSettings = {
				ASSETCATALOG_COMPILER_APPICON_NAME = AppIcon;
				ASSETCATALOG_COMPILER_GLOBAL_ACCENT_COLOR_NAME = AccentColor;
				CODE_SIGN_STYLE = Automatic;
				CURRENT_PROJECT_VERSION = 1;
				DEVELOPMENT_TEAM = 6755LPJ5W2;
				INFOPLIST_FILE = SendToWatchTest/Info.plist;
				IPHONEOS_DEPLOYMENT_TARGET = 14.1;
				LD_RUNPATH_SEARCH_PATHS = (
					"$(inherited)",
					"@executable_path/Frameworks",
				);
				PRODUCT_BUNDLE_IDENTIFIER = com.sunapps.SendToWatchTest;
				PRODUCT_NAME = "$(TARGET_NAME)";
				SDKROOT = iphoneos;
				SWIFT_VERSION = 5.0;
				TARGETED_DEVICE_FAMILY = "1,2";
				VALIDATE_PRODUCT = YES;
			};
			name = Release;
		};
		66DC410425D23F77002E8D4A /* Debug */ = {
			isa = XCBuildConfiguration;
			buildSettings = {
				ALWAYS_EMBED_SWIFT_STANDARD_LIBRARIES = YES;
				BUNDLE_LOADER = "$(TEST_HOST)";
				CODE_SIGN_STYLE = Automatic;
				DEVELOPMENT_TEAM = 6755LPJ5W2;
				INFOPLIST_FILE = SendToWatchTestTests/Info.plist;
				IPHONEOS_DEPLOYMENT_TARGET = 14.5;
				LD_RUNPATH_SEARCH_PATHS = (
					"$(inherited)",
					"@executable_path/Frameworks",
					"@loader_path/Frameworks",
				);
				PRODUCT_BUNDLE_IDENTIFIER = com.sunapps.SendToWatchTestTests;
				PRODUCT_NAME = "$(TARGET_NAME)";
				SDKROOT = iphoneos;
				SWIFT_VERSION = 5.0;
				TARGETED_DEVICE_FAMILY = "1,2";
				TEST_HOST = "$(BUILT_PRODUCTS_DIR)/SendToWatchTest.app/SendToWatchTest";
			};
			name = Debug;
		};
		66DC410525D23F77002E8D4A /* Release */ = {
			isa = XCBuildConfiguration;
			buildSettings = {
				ALWAYS_EMBED_SWIFT_STANDARD_LIBRARIES = YES;
				BUNDLE_LOADER = "$(TEST_HOST)";
				CODE_SIGN_STYLE = Automatic;
				DEVELOPMENT_TEAM = 6755LPJ5W2;
				INFOPLIST_FILE = SendToWatchTestTests/Info.plist;
				IPHONEOS_DEPLOYMENT_TARGET = 14.5;
				LD_RUNPATH_SEARCH_PATHS = (
					"$(inherited)",
					"@executable_path/Frameworks",
					"@loader_path/Frameworks",
				);
				PRODUCT_BUNDLE_IDENTIFIER = com.sunapps.SendToWatchTestTests;
				PRODUCT_NAME = "$(TARGET_NAME)";
				SDKROOT = iphoneos;
				SWIFT_VERSION = 5.0;
				TARGETED_DEVICE_FAMILY = "1,2";
				TEST_HOST = "$(BUILT_PRODUCTS_DIR)/SendToWatchTest.app/SendToWatchTest";
				VALIDATE_PRODUCT = YES;
			};
			name = Release;
		};
		66DC410725D23F77002E8D4A /* Debug */ = {
			isa = XCBuildConfiguration;
			buildSettings = {
				ALWAYS_EMBED_SWIFT_STANDARD_LIBRARIES = YES;
				CODE_SIGN_STYLE = Automatic;
				DEVELOPMENT_TEAM = 6755LPJ5W2;
				INFOPLIST_FILE = SendToWatchTestUITests/Info.plist;
				IPHONEOS_DEPLOYMENT_TARGET = 14.5;
				LD_RUNPATH_SEARCH_PATHS = (
					"$(inherited)",
					"@executable_path/Frameworks",
					"@loader_path/Frameworks",
				);
				PRODUCT_BUNDLE_IDENTIFIER = com.sunapps.SendToWatchTestUITests;
				PRODUCT_NAME = "$(TARGET_NAME)";
				SDKROOT = iphoneos;
				SWIFT_VERSION = 5.0;
				TARGETED_DEVICE_FAMILY = "1,2";
				TEST_TARGET_NAME = SendToWatchTest;
			};
			name = Debug;
		};
		66DC410825D23F77002E8D4A /* Release */ = {
			isa = XCBuildConfiguration;
			buildSettings = {
				ALWAYS_EMBED_SWIFT_STANDARD_LIBRARIES = YES;
				CODE_SIGN_STYLE = Automatic;
				DEVELOPMENT_TEAM = 6755LPJ5W2;
				INFOPLIST_FILE = SendToWatchTestUITests/Info.plist;
				IPHONEOS_DEPLOYMENT_TARGET = 14.5;
				LD_RUNPATH_SEARCH_PATHS = (
					"$(inherited)",
					"@executable_path/Frameworks",
					"@loader_path/Frameworks",
				);
				PRODUCT_BUNDLE_IDENTIFIER = com.sunapps.SendToWatchTestUITests;
				PRODUCT_NAME = "$(TARGET_NAME)";
				SDKROOT = iphoneos;
				SWIFT_VERSION = 5.0;
				TARGETED_DEVICE_FAMILY = "1,2";
				TEST_TARGET_NAME = SendToWatchTest;
				VALIDATE_PRODUCT = YES;
			};
			name = Release;
		};
		66DC410A25D23F77002E8D4A /* Debug */ = {
			isa = XCBuildConfiguration;
			buildSettings = {
				ALWAYS_EMBED_SWIFT_STANDARD_LIBRARIES = YES;
				BUNDLE_LOADER = "$(TEST_HOST)";
				CODE_SIGN_STYLE = Automatic;
				DEVELOPMENT_TEAM = 6755LPJ5W2;
				INFOPLIST_FILE = "SendToWatchTest WatchKit AppTests/Info.plist";
				LD_RUNPATH_SEARCH_PATHS = (
					"$(inherited)",
					"@executable_path/Frameworks",
					"@loader_path/Frameworks",
				);
				PRODUCT_BUNDLE_IDENTIFIER = "com.sunapps.SendToWatchTest-WatchKit-AppTests";
				PRODUCT_NAME = "$(TARGET_NAME)";
				SDKROOT = watchos;
				SWIFT_VERSION = 5.0;
				TARGETED_DEVICE_FAMILY = 4;
				TEST_HOST = "$(BUILT_PRODUCTS_DIR)/SendToWatchTest WatchKit Extension.appex/SendToWatchTest WatchKit Extension";
				WATCHOS_DEPLOYMENT_TARGET = 7.4;
			};
			name = Debug;
		};
		66DC410B25D23F77002E8D4A /* Release */ = {
			isa = XCBuildConfiguration;
			buildSettings = {
				ALWAYS_EMBED_SWIFT_STANDARD_LIBRARIES = YES;
				BUNDLE_LOADER = "$(TEST_HOST)";
				CODE_SIGN_STYLE = Automatic;
				DEVELOPMENT_TEAM = 6755LPJ5W2;
				INFOPLIST_FILE = "SendToWatchTest WatchKit AppTests/Info.plist";
				LD_RUNPATH_SEARCH_PATHS = (
					"$(inherited)",
					"@executable_path/Frameworks",
					"@loader_path/Frameworks",
				);
				PRODUCT_BUNDLE_IDENTIFIER = "com.sunapps.SendToWatchTest-WatchKit-AppTests";
				PRODUCT_NAME = "$(TARGET_NAME)";
				SDKROOT = watchos;
				SWIFT_VERSION = 5.0;
				TARGETED_DEVICE_FAMILY = 4;
				TEST_HOST = "$(BUILT_PRODUCTS_DIR)/SendToWatchTest WatchKit Extension.appex/SendToWatchTest WatchKit Extension";
				VALIDATE_PRODUCT = YES;
				WATCHOS_DEPLOYMENT_TARGET = 7.4;
			};
			name = Release;
		};
		66DC410D25D23F77002E8D4A /* Debug */ = {
			isa = XCBuildConfiguration;
			buildSettings = {
				CODE_SIGN_STYLE = Automatic;
				DEVELOPMENT_TEAM = 6755LPJ5W2;
				INFOPLIST_FILE = "SendToWatchTest WatchKit AppUITests/Info.plist";
				LD_RUNPATH_SEARCH_PATHS = (
					"$(inherited)",
					"@executable_path/Frameworks",
					"@loader_path/Frameworks",
				);
				PRODUCT_BUNDLE_IDENTIFIER = "com.sunapps.SendToWatchTest-WatchKit-AppUITests";
				PRODUCT_NAME = "$(TARGET_NAME)";
				SDKROOT = watchos;
				SWIFT_VERSION = 5.0;
				TARGETED_DEVICE_FAMILY = 4;
				TEST_TARGET_NAME = "SendToWatchTest WatchKit App";
				WATCHOS_DEPLOYMENT_TARGET = 7.4;
			};
			name = Debug;
		};
		66DC410E25D23F77002E8D4A /* Release */ = {
			isa = XCBuildConfiguration;
			buildSettings = {
				CODE_SIGN_STYLE = Automatic;
				DEVELOPMENT_TEAM = 6755LPJ5W2;
				INFOPLIST_FILE = "SendToWatchTest WatchKit AppUITests/Info.plist";
				LD_RUNPATH_SEARCH_PATHS = (
					"$(inherited)",
					"@executable_path/Frameworks",
					"@loader_path/Frameworks",
				);
				PRODUCT_BUNDLE_IDENTIFIER = "com.sunapps.SendToWatchTest-WatchKit-AppUITests";
				PRODUCT_NAME = "$(TARGET_NAME)";
				SDKROOT = watchos;
				SWIFT_VERSION = 5.0;
				TARGETED_DEVICE_FAMILY = 4;
				TEST_TARGET_NAME = "SendToWatchTest WatchKit App";
				VALIDATE_PRODUCT = YES;
				WATCHOS_DEPLOYMENT_TARGET = 7.4;
			};
			name = Release;
		};
/* End XCBuildConfiguration section */

/* Begin XCConfigurationList section */
		66DC409125D23F72002E8D4A /* Build configuration list for PBXProject "SendToWatchTest" */ = {
			isa = XCConfigurationList;
			buildConfigurations = (
				66DC40F625D23F77002E8D4A /* Debug */,
				66DC40F725D23F77002E8D4A /* Release */,
			);
			defaultConfigurationIsVisible = 0;
			defaultConfigurationName = Release;
		};
		66DC40F825D23F77002E8D4A /* Build configuration list for PBXNativeTarget "SendToWatchTest WatchKit Extension" */ = {
			isa = XCConfigurationList;
			buildConfigurations = (
				66DC40F925D23F77002E8D4A /* Debug */,
				66DC40FA25D23F77002E8D4A /* Release */,
			);
			defaultConfigurationIsVisible = 0;
			defaultConfigurationName = Release;
		};
		66DC40FC25D23F77002E8D4A /* Build configuration list for PBXNativeTarget "SendToWatchTest WatchKit App" */ = {
			isa = XCConfigurationList;
			buildConfigurations = (
				66DC40FD25D23F77002E8D4A /* Debug */,
				66DC40FE25D23F77002E8D4A /* Release */,
			);
			defaultConfigurationIsVisible = 0;
			defaultConfigurationName = Release;
		};
		66DC410025D23F77002E8D4A /* Build configuration list for PBXNativeTarget "SendToWatchTest" */ = {
			isa = XCConfigurationList;
			buildConfigurations = (
				66DC410125D23F77002E8D4A /* Debug */,
				66DC410225D23F77002E8D4A /* Release */,
			);
			defaultConfigurationIsVisible = 0;
			defaultConfigurationName = Release;
		};
		66DC410325D23F77002E8D4A /* Build configuration list for PBXNativeTarget "SendToWatchTestTests" */ = {
			isa = XCConfigurationList;
			buildConfigurations = (
				66DC410425D23F77002E8D4A /* Debug */,
				66DC410525D23F77002E8D4A /* Release */,
			);
			defaultConfigurationIsVisible = 0;
			defaultConfigurationName = Release;
		};
		66DC410625D23F77002E8D4A /* Build configuration list for PBXNativeTarget "SendToWatchTestUITests" */ = {
			isa = XCConfigurationList;
			buildConfigurations = (
				66DC410725D23F77002E8D4A /* Debug */,
				66DC410825D23F77002E8D4A /* Release */,
			);
			defaultConfigurationIsVisible = 0;
			defaultConfigurationName = Release;
		};
		66DC410925D23F77002E8D4A /* Build configuration list for PBXNativeTarget "SendToWatchTest WatchKit AppTests" */ = {
			isa = XCConfigurationList;
			buildConfigurations = (
				66DC410A25D23F77002E8D4A /* Debug */,
				66DC410B25D23F77002E8D4A /* Release */,
			);
			defaultConfigurationIsVisible = 0;
			defaultConfigurationName = Release;
		};
		66DC410C25D23F77002E8D4A /* Build configuration list for PBXNativeTarget "SendToWatchTest WatchKit AppUITests" */ = {
			isa = XCConfigurationList;
			buildConfigurations = (
				66DC410D25D23F77002E8D4A /* Debug */,
				66DC410E25D23F77002E8D4A /* Release */,
			);
			defaultConfigurationIsVisible = 0;
			defaultConfigurationName = Release;
		};
/* End XCConfigurationList section */

/* Begin XCRemoteSwiftPackageReference section */
		66DC410F25D24E6D002E8D4A /* XCRemoteSwiftPackageReference "SPAlert" */ = {
			isa = XCRemoteSwiftPackageReference;
			repositoryURL = "https://github.com/ivanvorobei/SPAlert";
			requirement = {
				kind = upToNextMajorVersion;
				minimumVersion = 3.0.3;
			};
		};
		66DC411A25D25D7E002E8D4A /* XCRemoteSwiftPackageReference "Communicator" */ = {
			isa = XCRemoteSwiftPackageReference;
			repositoryURL = "https://github.com/KaneCheshire/Communicator";
			requirement = {
				kind = upToNextMajorVersion;
				minimumVersion = 4.1.0;
			};
		};
/* End XCRemoteSwiftPackageReference section */

/* Begin XCSwiftPackageProductDependency section */
		66DC411025D24E6D002E8D4A /* SPAlert */ = {
			isa = XCSwiftPackageProductDependency;
			package = 66DC410F25D24E6D002E8D4A /* XCRemoteSwiftPackageReference "SPAlert" */;
			productName = SPAlert;
		};
		66DC411B25D25D7F002E8D4A /* Communicator */ = {
			isa = XCSwiftPackageProductDependency;
			package = 66DC411A25D25D7E002E8D4A /* XCRemoteSwiftPackageReference "Communicator" */;
			productName = Communicator;
		};
		66DC411E25D25DE4002E8D4A /* Communicator */ = {
			isa = XCSwiftPackageProductDependency;
			package = 66DC411A25D25D7E002E8D4A /* XCRemoteSwiftPackageReference "Communicator" */;
			productName = Communicator;
		};
/* End XCSwiftPackageProductDependency section */
	};
	rootObject = 66DC408E25D23F72002E8D4A /* Project object */;
}
